<?xml version="1.0" encoding="UTF-8" standalone="yes" ?>
<CodeBlocks_project_file>
	<FileVersion major="1" minor="6" />
	<Project>
		<Option title="EquaminatorCB" />
		<Option pch_mode="2" />
		<Option compiler="gcc" />
		<Build>
			<Target title="Debug">
				<Option output="bin\Debug\EquaminatorCB" prefix_auto="1" extension_auto="1" />
				<Option object_output="obj\Debug\" />
				<Option type="0" />
				<Option compiler="gcc" />
				<Compiler>
					<Add option="-Wall" />
				</Compiler>
			</Target>
		</Build>
		<Compiler>
			<Add option="-Wall" />
			<Add directory="C:\Program Files\CodeBlocks\lib\SDL\SDL-1.2.15\include\SDL" />
			<Add directory="C:\Program Files\CodeBlocks\lib\SDL_image-1.2.12\include" />
			<Add directory="C:\Program Files\CodeBlocks\lib\SDL_ttf-2.0.11\include" />
		</Compiler>
		<Linker>
			<Add library="mingw32" />
			<Add library="comctl32" />
			<Add library="SDLmain" />
			<Add library="SDL" />
			<Add library="SDL_ttf" />
			<Add library="SDL_image" />
			<Add directory="C:\Program Files\CodeBlocks\lib\SDL\SDL-1.2.15\lib" />
			<Add directory="C:\Program Files\CodeBlocks\lib\SDL_image-1.2.12\lib\x86" />
			<Add directory="C:\Program Files\CodeBlocks\lib\SDL_ttf-2.0.11\lib\x86" />
		</Linker>
		<Unit filename="affichage_texte.c">
			<Option compilerVar="CC" />
		</Unit>
		<Unit filename="affichage_texte.h" />
		<Unit filename="boutons.c">
			<Option compilerVar="CC" />
		</Unit>
		<Unit filename="boutons.h" />
		<Unit filename="dessin.c">
			<Option compilerVar="CC" />
		</Unit>
		<Unit filename="dessin.h" />
		<Unit filename="entree_texte.c">
			<Option compilerVar="CC" />
		</Unit>
		<Unit filename="entree_texte.h" />
		<Unit filename="equation.c">
			<Option compilerVar="CC" />
		</Unit>
		<Unit filename="equation.h" />
		<Unit filename="fonctions.c">
			<Option compilerVar="CC" />
		</Unit>
		<Unit filename="fonctions.h" />
		<Unit filename="graphlib.c">
			<Option compilerVar="CC" />
		</Unit>
		<Unit filename="graphlib.h" />
		<Unit filename="main.c">
			<Option compilerVar="CC" />
		</Unit>
		<Unit filename="main.h" />
		<Unit filename="resource.rc">
			<Option compilerVar="WINDRES" />
		</Unit>
		<Unit filename="resources.h" />
		<Unit filename="standards.h" />
		<Unit filename="texte.h" />
		<Unit filename="texte_commun.c">
			<Option compilerVar="CC" />
		</Unit>
		<Unit filename="texte_commun.h" />
		<Unit filename="variables.c">
			<Option compilerVar="CC" />
		</Unit>
		<Unit filename="variables.h" />
		<Extensions>
			<code_completion />
			<debugger />
			<envvars />
		</Extensions>
	</Project>
</CodeBlocks_project_file>
